
Microsoft Visual Studio Solution File, Format Version 12.00
# Visual Studio 2012
Project("{FAE04EC0-301F-11D3-BF4B-00C04F79EFBC}") = "Constellation.WebForms", "Constellation.WebForms.csproj", "{A2C538AB-61BB-4ED2-A7F8-0757A7155375}"
EndProject
Global
	GlobalSection(SolutionConfigurationPlatforms) = preSolution
		Debug|Any CPU = Debug|Any CPU
		Release|Any CPU = Release|Any CPU
	EndGlobalSection
	GlobalSection(ProjectConfigurationPlatforms) = postSolution
		{A2C538AB-61BB-4ED2-A7F8-0757A7155375}.Debug|Any CPU.ActiveCfg = Debug|Any CPU
		{A2C538AB-61BB-4ED2-A7F8-0757A7155375}.Debug|Any CPU.Build.0 = Debug|Any CPU
		{A2C538AB-61BB-4ED2-A7F8-0757A7155375}.Release|Any CPU.ActiveCfg = Release|Any CPU
		{A2C538AB-61BB-4ED2-A7F8-0757A7155375}.Release|Any CPU.Build.0 = Release|Any CPU
	EndGlobalSection
	GlobalSection(SolutionProperties) = preSolution
		HideSolutionNode = FALSE
	EndGlobalSection
EndGlobal
